
Microsoft Visual Studio Solution File, Format Version 12.00
Project("{AD798E3B-5DBC-4DD0-898C-8500F64F971C}") = "CommunityResources", "src/CommunityResources/CommunityResources.csproj", "{C6D4C0A8-651E-42B2-8FFA-588F0C9A8AA3}"
EndProject
Global
	GlobalSection(SolutionConfigurationPlatforms) = preSolution
		Debug|Any CPU = Debug|Any CPU
		Release|Any CPU = Release|Any CPU
		Deploy|Any CPU = Deploy|Any CPU
		DeployAndRun|Any CPU = DeployAndRun|Any CPU
	EndGlobalSection
	GlobalSection(ProjectConfigurationPlatforms) = postSolution
		{C6D4C0A8-651E-42B2-8FFA-588F0C9A8AA3}.Debug|Any CPU.ActiveCfg = Debug|Any CPU
		{C6D4C0A8-651E-42B2-8FFA-588F0C9A8AA3}.Debug|Any CPU.Build.0 = Debug|Any CPU
		{C6D4C0A8-651E-42B2-8FFA-588F0C9A8AA3}.Release|Any CPU.ActiveCfg = Release|Any CPU
		{C6D4C0A8-651E-42B2-8FFA-588F0C9A8AA3}.Release|Any CPU.Build.0 = Release|Any CPU
		{C6D4C0A8-651E-42B2-8FFA-588F0C9A8AA3}.Deploy|Any CPU.ActiveCfg = Deploy|Any CPU
		{C6D4C0A8-651E-42B2-8FFA-588F0C9A8AA3}.Deploy|Any CPU.Build.0 = Deploy|Any CPU
		{C6D4C0A8-651E-42B2-8FFA-588F0C9A8AA3}.DeployAndRun|Any CPU.ActiveCfg = DeployAndRun|Any CPU
		{C6D4C0A8-651E-42B2-8FFA-588F0C9A8AA3}.DeployAndRun|Any CPU.Build.0 = DeployAndRun|Any CPU
	EndGlobalSection
EndGlobal

